// !$*UTF8*$!
{
	archiveVersion = 1;
	classes = {
	};
	objectVersion = 55;
	objects = {

/* Begin PBXBuildFile section */
		9B015BA4277A467E00F989E6 /* FoodViewController.swift in Sources */ = {isa = PBXBuildFile; fileRef = 9B015BA3277A467E00F989E6 /* FoodViewController.swift */; };
		9B015BA6277A4B3000F989E6 /* DetailsViewController.swift in Sources */ = {isa = PBXBuildFile; fileRef = 9B015BA5277A4B3000F989E6 /* DetailsViewController.swift */; };
		9B1CBCB1277B2E1100C33089 /* DataTVCell.swift in Sources */ = {isa = PBXBuildFile; fileRef = 9B1CBCB0277B2E1100C33089 /* DataTVCell.swift */; };
		9B2713792778A31500015E13 /* GoogleService-Info.plist in Resources */ = {isa = PBXBuildFile; fileRef = 9B2713782778A31500015E13 /* GoogleService-Info.plist */; };
		9B27137C2778A4E100015E13 /* FirebaseAuth in Frameworks */ = {isa = PBXBuildFile; productRef = 9B27137B2778A4E100015E13 /* FirebaseAuth */; };
		9B27137E2778A4E100015E13 /* FirebaseFirestore in Frameworks */ = {isa = PBXBuildFile; productRef = 9B27137D2778A4E100015E13 /* FirebaseFirestore */; };
		9B2713802778A4E100015E13 /* FirebaseStorage in Frameworks */ = {isa = PBXBuildFile; productRef = 9B27137F2778A4E100015E13 /* FirebaseStorage */; };
		9B586A8A277A29FB005C40F3 /* User.swift in Sources */ = {isa = PBXBuildFile; fileRef = 9B586A89277A29FB005C40F3 /* User.swift */; };
		9B60B68A277B220B00F55062 /* ResturantViewController.swift in Sources */ = {isa = PBXBuildFile; fileRef = 9B60B689277B220B00F55062 /* ResturantViewController.swift */; };
		9B63B6912775CA3E00A70626 /* LandingViewController.swift in Sources */ = {isa = PBXBuildFile; fileRef = 9B63B6902775CA3E00A70626 /* LandingViewController.swift */; };
		9B63B6932775CA7600A70626 /* RegisterViewController.swift in Sources */ = {isa = PBXBuildFile; fileRef = 9B63B6922775CA7600A70626 /* RegisterViewController.swift */; };
		9B63B6952775CAEE00A70626 /* LoginViewController.swift in Sources */ = {isa = PBXBuildFile; fileRef = 9B63B6942775CAEE00A70626 /* LoginViewController.swift */; };
		9B63B69B2775E39200A70626 /* ImageView.swift in Sources */ = {isa = PBXBuildFile; fileRef = 9B63B69A2775E39200A70626 /* ImageView.swift */; };
		9B63B69D2775E3C300A70626 /* Activity.swift in Sources */ = {isa = PBXBuildFile; fileRef = 9B63B69C2775E3C300A70626 /* Activity.swift */; };
		9B7537A72781B9C300B86E27 /* Localizable.strings in Resources */ = {isa = PBXBuildFile; fileRef = 9B7537A92781B9C300B86E27 /* Localizable.strings */; };
		9B7537AC2781D80E00B86E27 /* BundleExtention.swift in Sources */ = {isa = PBXBuildFile; fileRef = 9B7537AB2781D80E00B86E27 /* BundleExtention.swift */; };
		9BCE503A277C5EEA00863ABD /* Post.swift in Sources */ = {isa = PBXBuildFile; fileRef = 9BCE5039277C5EEA00863ABD /* Post.swift */; };
		9BDB01EF2775BEB400505551 /* AppDelegate.swift in Sources */ = {isa = PBXBuildFile; fileRef = 9BDB01EE2775BEB400505551 /* AppDelegate.swift */; };
		9BDB01F12775BEB400505551 /* SceneDelegate.swift in Sources */ = {isa = PBXBuildFile; fileRef = 9BDB01F02775BEB400505551 /* SceneDelegate.swift */; };
		9BDB01F62775BEB400505551 /* Main.storyboard in Resources */ = {isa = PBXBuildFile; fileRef = 9BDB01F42775BEB400505551 /* Main.storyboard */; };
		9BDB01F82775BEB700505551 /* Assets.xcassets in Resources */ = {isa = PBXBuildFile; fileRef = 9BDB01F72775BEB700505551 /* Assets.xcassets */; };
		9BDB01FB2775BEB700505551 /* LaunchScreen.storyboard in Resources */ = {isa = PBXBuildFile; fileRef = 9BDB01F92775BEB700505551 /* LaunchScreen.storyboard */; };
		9BDB02062775BEB700505551 /* MyFinalPlusAppTests.swift in Sources */ = {isa = PBXBuildFile; fileRef = 9BDB02052775BEB700505551 /* MyFinalPlusAppTests.swift */; };
		9BDB02102775BEB700505551 /* MyFinalPlusAppUITests.swift in Sources */ = {isa = PBXBuildFile; fileRef = 9BDB020F2775BEB700505551 /* MyFinalPlusAppUITests.swift */; };
		9BDB02122775BEB700505551 /* MyFinalPlusAppUITestsLaunchTests.swift in Sources */ = {isa = PBXBuildFile; fileRef = 9BDB02112775BEB700505551 /* MyFinalPlusAppUITestsLaunchTests.swift */; };
/* End PBXBuildFile section */

/* Begin PBXContainerItemProxy section */
		9BDB02022775BEB700505551 /* PBXContainerItemProxy */ = {
			isa = PBXContainerItemProxy;
			containerPortal = 9BDB01E32775BEB400505551 /* Project object */;
			proxyType = 1;
			remoteGlobalIDString = 9BDB01EA2775BEB400505551;
			remoteInfo = MyFinalPlusApp;
		};
		9BDB020C2775BEB700505551 /* PBXContainerItemProxy */ = {
			isa = PBXContainerItemProxy;
			containerPortal = 9BDB01E32775BEB400505551 /* Project object */;
			proxyType = 1;
			remoteGlobalIDString = 9BDB01EA2775BEB400505551;
			remoteInfo = MyFinalPlusApp;
		};
/* End PBXContainerItemProxy section */

/* Begin PBXFileReference section */
		9B015BA3277A467E00F989E6 /* FoodViewController.swift */ = {isa = PBXFileReference; lastKnownFileType = sourcecode.swift; path = FoodViewController.swift; sourceTree = "<group>"; };
		9B015BA5277A4B3000F989E6 /* DetailsViewController.swift */ = {isa = PBXFileReference; lastKnownFileType = sourcecode.swift; path = DetailsViewController.swift; sourceTree = "<group>"; };
		9B1CBCB0277B2E1100C33089 /* DataTVCell.swift */ = {isa = PBXFileReference; lastKnownFileType = sourcecode.swift; path = DataTVCell.swift; sourceTree = "<group>"; };
		9B2713782778A31500015E13 /* GoogleService-Info.plist */ = {isa = PBXFileReference; fileEncoding = 4; lastKnownFileType = text.plist.xml; path = "GoogleService-Info.plist"; sourceTree = "<group>"; };
		9B586A89277A29FB005C40F3 /* User.swift */ = {isa = PBXFileReference; lastKnownFileType = sourcecode.swift; path = User.swift; sourceTree = "<group>"; };
		9B60B689277B220B00F55062 /* ResturantViewController.swift */ = {isa = PBXFileReference; lastKnownFileType = sourcecode.swift; path = ResturantViewController.swift; sourceTree = "<group>"; };
		9B63B6902775CA3E00A70626 /* LandingViewController.swift */ = {isa = PBXFileReference; lastKnownFileType = sourcecode.swift; path = LandingViewController.swift; sourceTree = "<group>"; };
		9B63B6922775CA7600A70626 /* RegisterViewController.swift */ = {isa = PBXFileReference; lastKnownFileType = sourcecode.swift; path = RegisterViewController.swift; sourceTree = "<group>"; };
		9B63B6942775CAEE00A70626 /* LoginViewController.swift */ = {isa = PBXFileReference; lastKnownFileType = sourcecode.swift; path = LoginViewController.swift; sourceTree = "<group>"; };
		9B63B69A2775E39200A70626 /* ImageView.swift */ = {isa = PBXFileReference; lastKnownFileType = sourcecode.swift; path = ImageView.swift; sourceTree = "<group>"; };
		9B63B69C2775E3C300A70626 /* Activity.swift */ = {isa = PBXFileReference; lastKnownFileType = sourcecode.swift; path = Activity.swift; sourceTree = "<group>"; };
		9B7537A32781B96A00B86E27 /* ar */ = {isa = PBXFileReference; lastKnownFileType = text.plist.strings; name = ar; path = ar.lproj/Main.strings; sourceTree = "<group>"; };
		9B7537A42781B96A00B86E27 /* ar */ = {isa = PBXFileReference; lastKnownFileType = text.plist.strings; name = ar; path = ar.lproj/LaunchScreen.strings; sourceTree = "<group>"; };
		9B7537A82781B9C300B86E27 /* en */ = {isa = PBXFileReference; lastKnownFileType = text.plist.strings; name = en; path = en.lproj/Localizable.strings; sourceTree = "<group>"; };
		9B7537AA2781B9C900B86E27 /* ar */ = {isa = PBXFileReference; lastKnownFileType = text.plist.strings; name = ar; path = ar.lproj/Localizable.strings; sourceTree = "<group>"; };
		9B7537AB2781D80E00B86E27 /* BundleExtention.swift */ = {isa = PBXFileReference; lastKnownFileType = sourcecode.swift; path = BundleExtention.swift; sourceTree = "<group>"; };
		9BCE5039277C5EEA00863ABD /* Post.swift */ = {isa = PBXFileReference; lastKnownFileType = sourcecode.swift; path = Post.swift; sourceTree = "<group>"; };
		9BDB01EB2775BEB400505551 /* MyFinalPlusApp.app */ = {isa = PBXFileReference; explicitFileType = wrapper.application; includeInIndex = 0; path = MyFinalPlusApp.app; sourceTree = BUILT_PRODUCTS_DIR; };
		9BDB01EE2775BEB400505551 /* AppDelegate.swift */ = {isa = PBXFileReference; lastKnownFileType = sourcecode.swift; path = AppDelegate.swift; sourceTree = "<group>"; };
		9BDB01F02775BEB400505551 /* SceneDelegate.swift */ = {isa = PBXFileReference; lastKnownFileType = sourcecode.swift; path = SceneDelegate.swift; sourceTree = "<group>"; };
		9BDB01F52775BEB400505551 /* Base */ = {isa = PBXFileReference; lastKnownFileType = file.storyboard; name = Base; path = Base.lproj/Main.storyboard; sourceTree = "<group>"; };
		9BDB01F72775BEB700505551 /* Assets.xcassets */ = {isa = PBXFileReference; lastKnownFileType = folder.assetcatalog; path = Assets.xcassets; sourceTree = "<group>"; };
		9BDB01FA2775BEB700505551 /* Base */ = {isa = PBXFileReference; lastKnownFileType = file.storyboard; name = Base; path = Base.lproj/LaunchScreen.storyboard; sourceTree = "<group>"; };
		9BDB01FC2775BEB700505551 /* Info.plist */ = {isa = PBXFileReference; lastKnownFileType = text.plist.xml; path = Info.plist; sourceTree = "<group>"; };
		9BDB02012775BEB700505551 /* MyFinalPlusAppTests.xctest */ = {isa = PBXFileReference; explicitFileType = wrapper.cfbundle; includeInIndex = 0; path = MyFinalPlusAppTests.xctest; sourceTree = BUILT_PRODUCTS_DIR; };
		9BDB02052775BEB700505551 /* MyFinalPlusAppTests.swift */ = {isa = PBXFileReference; lastKnownFileType = sourcecode.swift; path = MyFinalPlusAppTests.swift; sourceTree = "<group>"; };
		9BDB020B2775BEB700505551 /* MyFinalPlusAppUITests.xctest */ = {isa = PBXFileReference; explicitFileType = wrapper.cfbundle; includeInIndex = 0; path = MyFinalPlusAppUITests.xctest; sourceTree = BUILT_PRODUCTS_DIR; };
		9BDB020F2775BEB700505551 /* MyFinalPlusAppUITests.swift */ = {isa = PBXFileReference; lastKnownFileType = sourcecode.swift; path = MyFinalPlusAppUITests.swift; sourceTree = "<group>"; };
		9BDB02112775BEB700505551 /* MyFinalPlusAppUITestsLaunchTests.swift */ = {isa = PBXFileReference; lastKnownFileType = sourcecode.swift; path = MyFinalPlusAppUITestsLaunchTests.swift; sourceTree = "<group>"; };
/* End PBXFileReference section */

/* Begin PBXFrameworksBuildPhase section */
		9BDB01E82775BEB400505551 /* Frameworks */ = {
			isa = PBXFrameworksBuildPhase;
			buildActionMask = 2147483647;
			files = (
				9B27137C2778A4E100015E13 /* FirebaseAuth in Frameworks */,
				9B27137E2778A4E100015E13 /* FirebaseFirestore in Frameworks */,
				9B2713802778A4E100015E13 /* FirebaseStorage in Frameworks */,
			);
			runOnlyForDeploymentPostprocessing = 0;
		};
		9BDB01FE2775BEB700505551 /* Frameworks */ = {
			isa = PBXFrameworksBuildPhase;
			buildActionMask = 2147483647;
			files = (
			);
			runOnlyForDeploymentPostprocessing = 0;
		};
		9BDB02082775BEB700505551 /* Frameworks */ = {
			isa = PBXFrameworksBuildPhase;
			buildActionMask = 2147483647;
			files = (
			);
			runOnlyForDeploymentPostprocessing = 0;
		};
/* End PBXFrameworksBuildPhase section */

/* Begin PBXGroup section */
		9B586A88277A299D005C40F3 /* View */ = {
			isa = PBXGroup;
			children = (
				9BDB01F42775BEB400505551 /* Main.storyboard */,
				9B1CBCB0277B2E1100C33089 /* DataTVCell.swift */,
			);
			path = View;
			sourceTree = "<group>";
		};
		9B586A8B277A2A08005C40F3 /* Model */ = {
			isa = PBXGroup;
			children = (
				9BCE5039277C5EEA00863ABD /* Post.swift */,
				9B586A89277A29FB005C40F3 /* User.swift */,
			);
			path = Model;
			sourceTree = "<group>";
		};
		9B63B6982775CB8A00A70626 /* Controller */ = {
			isa = PBXGroup;
			children = (
				9B7537AB2781D80E00B86E27 /* BundleExtention.swift */,
				9B63B6902775CA3E00A70626 /* LandingViewController.swift */,
				9B63B6922775CA7600A70626 /* RegisterViewController.swift */,
				9B63B6942775CAEE00A70626 /* LoginViewController.swift */,
				9B015BA3277A467E00F989E6 /* FoodViewController.swift */,
				9B015BA5277A4B3000F989E6 /* DetailsViewController.swift */,
				9B60B689277B220B00F55062 /* ResturantViewController.swift */,
				9BDB01EE2775BEB400505551 /* AppDelegate.swift */,
				9BDB01F02775BEB400505551 /* SceneDelegate.swift */,
			);
			path = Controller;
			sourceTree = "<group>";
		};
		9B63B6992775E31900A70626 /* Utill */ = {
			isa = PBXGroup;
			children = (
				9B63B69A2775E39200A70626 /* ImageView.swift */,
				9B63B69C2775E3C300A70626 /* Activity.swift */,
				9B586A8B277A2A08005C40F3 /* Model */,
			);
			path = Utill;
			sourceTree = "<group>";
		};
		9BDB01E22775BEB400505551 = {
			isa = PBXGroup;
			children = (
				9B7537A92781B9C300B86E27 /* Localizable.strings */,
				9BDB01ED2775BEB400505551 /* MyFinalPlusApp */,
				9BDB02042775BEB700505551 /* MyFinalPlusAppTests */,
				9BDB020E2775BEB700505551 /* MyFinalPlusAppUITests */,
				9BDB01EC2775BEB400505551 /* Products */,
			);
			sourceTree = "<group>";
		};
		9BDB01EC2775BEB400505551 /* Products */ = {
			isa = PBXGroup;
			children = (
				9BDB01EB2775BEB400505551 /* MyFinalPlusApp.app */,
				9BDB02012775BEB700505551 /* MyFinalPlusAppTests.xctest */,
				9BDB020B2775BEB700505551 /* MyFinalPlusAppUITests.xctest */,
			);
			name = Products;
			sourceTree = "<group>";
		};
		9BDB01ED2775BEB400505551 /* MyFinalPlusApp */ = {
			isa = PBXGroup;
			children = (
				9B63B6992775E31900A70626 /* Utill */,
				9B586A88277A299D005C40F3 /* View */,
				9B63B6982775CB8A00A70626 /* Controller */,
				9BDB01F72775BEB700505551 /* Assets.xcassets */,
				9BDB01F92775BEB700505551 /* LaunchScreen.storyboard */,
				9BDB01FC2775BEB700505551 /* Info.plist */,
				9B2713782778A31500015E13 /* GoogleService-Info.plist */,
			);
			path = MyFinalPlusApp;
			sourceTree = "<group>";
		};
		9BDB02042775BEB700505551 /* MyFinalPlusAppTests */ = {
			isa = PBXGroup;
			children = (
				9BDB02052775BEB700505551 /* MyFinalPlusAppTests.swift */,
			);
			path = MyFinalPlusAppTests;
			sourceTree = "<group>";
		};
		9BDB020E2775BEB700505551 /* MyFinalPlusAppUITests */ = {
			isa = PBXGroup;
			children = (
				9BDB020F2775BEB700505551 /* MyFinalPlusAppUITests.swift */,
				9BDB02112775BEB700505551 /* MyFinalPlusAppUITestsLaunchTests.swift */,
			);
			path = MyFinalPlusAppUITests;
			sourceTree = "<group>";
		};
/* End PBXGroup section */

/* Begin PBXNativeTarget section */
		9BDB01EA2775BEB400505551 /* MyFinalPlusApp */ = {
			isa = PBXNativeTarget;
			buildConfigurationList = 9BDB02152775BEB700505551 /* Build configuration list for PBXNativeTarget "MyFinalPlusApp" */;
			buildPhases = (
				9BDB01E72775BEB400505551 /* Sources */,
				9BDB01E82775BEB400505551 /* Frameworks */,
				9BDB01E92775BEB400505551 /* Resources */,
			);
			buildRules = (
			);
			dependencies = (
			);
			name = MyFinalPlusApp;
			packageProductDependencies = (
				9B27137B2778A4E100015E13 /* FirebaseAuth */,
				9B27137D2778A4E100015E13 /* FirebaseFirestore */,
				9B27137F2778A4E100015E13 /* FirebaseStorage */,
			);
			productName = MyFinalPlusApp;
			productReference = 9BDB01EB2775BEB400505551 /* MyFinalPlusApp.app */;
			productType = "com.apple.product-type.application";
		};
		9BDB02002775BEB700505551 /* MyFinalPlusAppTests */ = {
			isa = PBXNativeTarget;
			buildConfigurationList = 9BDB02182775BEB700505551 /* Build configuration list for PBXNativeTarget "MyFinalPlusAppTests" */;
			buildPhases = (
				9BDB01FD2775BEB700505551 /* Sources */,
				9BDB01FE2775BEB700505551 /* Frameworks */,
				9BDB01FF2775BEB700505551 /* Resources */,
			);
			buildRules = (
			);
			dependencies = (
				9BDB02032775BEB700505551 /* PBXTargetDependency */,
			);
			name = MyFinalPlusAppTests;
			productName = MyFinalPlusAppTests;
			productReference = 9BDB02012775BEB700505551 /* MyFinalPlusAppTests.xctest */;
			productType = "com.apple.product-type.bundle.unit-test";
		};
		9BDB020A2775BEB700505551 /* MyFinalPlusAppUITests */ = {
			isa = PBXNativeTarget;
			buildConfigurationList = 9BDB021B2775BEB700505551 /* Build configuration list for PBXNativeTarget "MyFinalPlusAppUITests" */;
			buildPhases = (
				9BDB02072775BEB700505551 /* Sources */,
				9BDB02082775BEB700505551 /* Frameworks */,
				9BDB02092775BEB700505551 /* Resources */,
			);
			buildRules = (
			);
			dependencies = (
				9BDB020D2775BEB700505551 /* PBXTargetDependency */,
			);
			name = MyFinalPlusAppUITests;
			productName = MyFinalPlusAppUITests;
			productReference = 9BDB020B2775BEB700505551 /* MyFinalPlusAppUITests.xctest */;
			productType = "com.apple.product-type.bundle.ui-testing";
		};
/* End PBXNativeTarget section */

/* Begin PBXProject section */
		9BDB01E32775BEB400505551 /* Project object */ = {
			isa = PBXProject;
			attributes = {
				BuildIndependentTargetsInParallel = 1;
				LastSwiftUpdateCheck = 1310;
				LastUpgradeCheck = 1310;
				TargetAttributes = {
					9BDB01EA2775BEB400505551 = {
						CreatedOnToolsVersion = 13.1;
					};
					9BDB02002775BEB700505551 = {
						CreatedOnToolsVersion = 13.1;
						TestTargetID = 9BDB01EA2775BEB400505551;
					};
					9BDB020A2775BEB700505551 = {
						CreatedOnToolsVersion = 13.1;
						TestTargetID = 9BDB01EA2775BEB400505551;
					};
				};
			};
			buildConfigurationList = 9BDB01E62775BEB400505551 /* Build configuration list for PBXProject "MyFinalPlusApp" */;
			compatibilityVersion = "Xcode 13.0";
			developmentRegion = en;
			hasScannedForEncodings = 0;
			knownRegions = (
				en,
				Base,
				ar,
			);
			mainGroup = 9BDB01E22775BEB400505551;
			packageReferences = (
				9B27137A2778A4E100015E13 /* XCRemoteSwiftPackageReference "firebase-ios-sdk" */,
			);
			productRefGroup = 9BDB01EC2775BEB400505551 /* Products */;
			projectDirPath = "";
			projectRoot = "";
			targets = (
				9BDB01EA2775BEB400505551 /* MyFinalPlusApp */,
				9BDB02002775BEB700505551 /* MyFinalPlusAppTests */,
				9BDB020A2775BEB700505551 /* MyFinalPlusAppUITests */,
			);
		};
/* End PBXProject section */

/* Begin PBXResourcesBuildPhase section */
		9BDB01E92775BEB400505551 /* Resources */ = {
			isa = PBXResourcesBuildPhase;
			buildActionMask = 2147483647;
			files = (
				9B7537A72781B9C300B86E27 /* Localizable.strings in Resources */,
				9BDB01FB2775BEB700505551 /* LaunchScreen.storyboard in Resources */,
				9BDB01F82775BEB700505551 /* Assets.xcassets in Resources */,
				9B2713792778A31500015E13 /* GoogleService-Info.plist in Resources */,
				9BDB01F62775BEB400505551 /* Main.storyboard in Resources */,
			);
			runOnlyForDeploymentPostprocessing = 0;
		};
		9BDB01FF2775BEB700505551 /* Resources */ = {
			isa = PBXResourcesBuildPhase;
			buildActionMask = 2147483647;
			files = (
			);
			runOnlyForDeploymentPostprocessing = 0;
		};
		9BDB02092775BEB700505551 /* Resources */ = {
			isa = PBXResourcesBuildPhase;
			buildActionMask = 2147483647;
			files = (
			);
			runOnlyForDeploymentPostprocessing = 0;
		};
/* End PBXResourcesBuildPhase section */

/* Begin PBXSourcesBuildPhase section */
		9BDB01E72775BEB400505551 /* Sources */ = {
			isa = PBXSourcesBuildPhase;
			buildActionMask = 2147483647;
			files = (
				9B63B69B2775E39200A70626 /* ImageView.swift in Sources */,
				9B63B6952775CAEE00A70626 /* LoginViewController.swift in Sources */,
				9B63B6932775CA7600A70626 /* RegisterViewController.swift in Sources */,
				9B015BA4277A467E00F989E6 /* FoodViewController.swift in Sources */,
				9B7537AC2781D80E00B86E27 /* BundleExtention.swift in Sources */,
				9BCE503A277C5EEA00863ABD /* Post.swift in Sources */,
				9BDB01EF2775BEB400505551 /* AppDelegate.swift in Sources */,
				9B63B6912775CA3E00A70626 /* LandingViewController.swift in Sources */,
				9B586A8A277A29FB005C40F3 /* User.swift in Sources */,
				9B60B68A277B220B00F55062 /* ResturantViewController.swift in Sources */,
				9B1CBCB1277B2E1100C33089 /* DataTVCell.swift in Sources */,
				9B63B69D2775E3C300A70626 /* Activity.swift in Sources */,
				9BDB01F12775BEB400505551 /* SceneDelegate.swift in Sources */,
				9B015BA6277A4B3000F989E6 /* DetailsViewController.swift in Sources */,
			);
			runOnlyForDeploymentPostprocessing = 0;
		};
		9BDB01FD2775BEB700505551 /* Sources */ = {
			isa = PBXSourcesBuildPhase;
			buildActionMask = 2147483647;
			files = (
				9BDB02062775BEB700505551 /* MyFinalPlusAppTests.swift in Sources */,
			);
			runOnlyForDeploymentPostprocessing = 0;
		};
		9BDB02072775BEB700505551 /* Sources */ = {
			isa = PBXSourcesBuildPhase;
			buildActionMask = 2147483647;
			files = (
				9BDB02102775BEB700505551 /* MyFinalPlusAppUITests.swift in Sources */,
				9BDB02122775BEB700505551 /* MyFinalPlusAppUITestsLaunchTests.swift in Sources */,
			);
			runOnlyForDeploymentPostprocessing = 0;
		};
/* End PBXSourcesBuildPhase section */

/* Begin PBXTargetDependency section */
		9BDB02032775BEB700505551 /* PBXTargetDependency */ = {
			isa = PBXTargetDependency;
			target = 9BDB01EA2775BEB400505551 /* MyFinalPlusApp */;
			targetProxy = 9BDB02022775BEB700505551 /* PBXContainerItemProxy */;
		};
		9BDB020D2775BEB700505551 /* PBXTargetDependency */ = {
			isa = PBXTargetDependency;
			target = 9BDB01EA2775BEB400505551 /* MyFinalPlusApp */;
			targetProxy = 9BDB020C2775BEB700505551 /* PBXContainerItemProxy */;
		};
/* End PBXTargetDependency section */

/* Begin PBXVariantGroup section */
		9B7537A92781B9C300B86E27 /* Localizable.strings */ = {
			isa = PBXVariantGroup;
			children = (
				9B7537A82781B9C300B86E27 /* en */,
				9B7537AA2781B9C900B86E27 /* ar */,
			);
			name = Localizable.strings;
			sourceTree = "<group>";
		};
		9BDB01F42775BEB400505551 /* Main.storyboard */ = {
			isa = PBXVariantGroup;
			children = (
				9BDB01F52775BEB400505551 /* Base */,
				9B7537A32781B96A00B86E27 /* ar */,
			);
			name = Main.storyboard;
			sourceTree = "<group>";
		};
		9BDB01F92775BEB700505551 /* LaunchScreen.storyboard */ = {
			isa = PBXVariantGroup;
			children = (
				9BDB01FA2775BEB700505551 /* Base */,
				9B7537A42781B96A00B86E27 /* ar */,
			);
			name = LaunchScreen.storyboard;
			sourceTree = "<group>";
		};
/* End PBXVariantGroup section */

/* Begin XCBuildConfiguration section */
		9BDB02132775BEB700505551 /* Debug */ = {
			isa = XCBuildConfiguration;
			buildSettings = {
				ALWAYS_SEARCH_USER_PATHS = NO;
				CLANG_ANALYZER_LOCALIZABILITY_NONLOCALIZED = YES;
				CLANG_ANALYZER_NONNULL = YES;
				CLANG_ANALYZER_NUMBER_OBJECT_CONVERSION = YES_AGGRESSIVE;
				CLANG_CXX_LANGUAGE_STANDARD = "gnu++17";
				CLANG_CXX_LIBRARY = "libc++";
				CLANG_ENABLE_MODULES = YES;
				CLANG_ENABLE_OBJC_ARC = YES;
				CLANG_ENABLE_OBJC_WEAK = YES;
				CLANG_WARN_BLOCK_CAPTURE_AUTORELEASING = YES;
				CLANG_WARN_BOOL_CONVERSION = YES;
				CLANG_WARN_COMMA = YES;
				CLANG_WARN_CONSTANT_CONVERSION = YES;
				CLANG_WARN_DEPRECATED_OBJC_IMPLEMENTATIONS = YES;
				CLANG_WARN_DIRECT_OBJC_ISA_USAGE = YES_ERROR;
				CLANG_WARN_DOCUMENTATION_COMMENTS = YES;
				CLANG_WARN_EMPTY_BODY = YES;
				CLANG_WARN_ENUM_CONVERSION = YES;
				CLANG_WARN_INFINITE_RECURSION = YES;
				CLANG_WARN_INT_CONVERSION = YES;
				CLANG_WARN_NON_LITERAL_NULL_CONVERSION = YES;
				CLANG_WARN_OBJC_IMPLICIT_RETAIN_SELF = YES;
				CLANG_WARN_OBJC_LITERAL_CONVERSION = YES;
				CLANG_WARN_OBJC_ROOT_CLASS = YES_ERROR;
				CLANG_WARN_QUOTED_INCLUDE_IN_FRAMEWORK_HEADER = YES;
				CLANG_WARN_RANGE_LOOP_ANALYSIS = YES;
				CLANG_WARN_STRICT_PROTOTYPES = YES;
				CLANG_WARN_SUSPICIOUS_MOVE = YES;
				CLANG_WARN_UNGUARDED_AVAILABILITY = YES_AGGRESSIVE;
				CLANG_WARN_UNREACHABLE_CODE = YES;
				CLANG_WARN__DUPLICATE_METHOD_MATCH = YES;
				COPY_PHASE_STRIP = NO;
				DEBUG_INFORMATION_FORMAT = dwarf;
				ENABLE_STRICT_OBJC_MSGSEND = YES;
				ENABLE_TESTABILITY = YES;
				GCC_C_LANGUAGE_STANDARD = gnu11;
				GCC_DYNAMIC_NO_PIC = NO;
				GCC_NO_COMMON_BLOCKS = YES;
				GCC_OPTIMIZATION_LEVEL = 0;
				GCC_PREPROCESSOR_DEFINITIONS = (
					"DEBUG=1",
					"$(inherited)",
				);
				GCC_WARN_64_TO_32_BIT_CONVERSION = YES;
				GCC_WARN_ABOUT_RETURN_TYPE = YES_ERROR;
				GCC_WARN_UNDECLARED_SELECTOR = YES;
				GCC_WARN_UNINITIALIZED_AUTOS = YES_AGGRESSIVE;
				GCC_WARN_UNUSED_FUNCTION = YES;
				GCC_WARN_UNUSED_VARIABLE = YES;
				IPHONEOS_DEPLOYMENT_TARGET = 15.0;
				MTL_ENABLE_DEBUG_INFO = INCLUDE_SOURCE;
				MTL_FAST_MATH = YES;
				ONLY_ACTIVE_ARCH = YES;
				SDKROOT = iphoneos;
				SWIFT_ACTIVE_COMPILATION_CONDITIONS = DEBUG;
				SWIFT_OPTIMIZATION_LEVEL = "-Onone";
			};
			name = Debug;
		};
		9BDB02142775BEB700505551 /* Release */ = {
			isa = XCBuildConfiguration;
			buildSettings = {
				ALWAYS_SEARCH_USER_PATHS = NO;
				CLANG_ANALYZER_LOCALIZABILITY_NONLOCALIZED = YES;
				CLANG_ANALYZER_NONNULL = YES;
				CLANG_ANALYZER_NUMBER_OBJECT_CONVERSION = YES_AGGRESSIVE;
				CLANG_CXX_LANGUAGE_STANDARD = "gnu++17";
				CLANG_CXX_LIBRARY = "libc++";
				CLANG_ENABLE_MODULES = YES;
				CLANG_ENABLE_OBJC_ARC = YES;
				CLANG_ENABLE_OBJC_WEAK = YES;
				CLANG_WARN_BLOCK_CAPTURE_AUTORELEASING = YES;
				CLANG_WARN_BOOL_CONVERSION = YES;
				CLANG_WARN_COMMA = YES;
				CLANG_WARN_CONSTANT_CONVERSION = YES;
				CLANG_WARN_DEPRECATED_OBJC_IMPLEMENTATIONS = YES;
				CLANG_WARN_DIRECT_OBJC_ISA_USAGE = YES_ERROR;
				CLANG_WARN_DOCUMENTATION_COMMENTS = YES;
				CLANG_WARN_EMPTY_BODY = YES;
				CLANG_WARN_ENUM_CONVERSION = YES;
				CLANG_WARN_INFINITE_RECURSION = YES;
				CLANG_WARN_INT_CONVERSION = YES;
				CLANG_WARN_NON_LITERAL_NULL_CONVERSION = YES;
				CLANG_WARN_OBJC_IMPLICIT_RETAIN_SELF = YES;
				CLANG_WARN_OBJC_LITERAL_CONVERSION = YES;
				CLANG_WARN_OBJC_ROOT_CLASS = YES_ERROR;
				CLANG_WARN_QUOTED_INCLUDE_IN_FRAMEWORK_HEADER = YES;
				CLANG_WARN_RANGE_LOOP_ANALYSIS = YES;
				CLANG_WARN_STRICT_PROTOTYPES = YES;
				CLANG_WARN_SUSPICIOUS_MOVE = YES;
				CLANG_WARN_UNGUARDED_AVAILABILITY = YES_AGGRESSIVE;
				CLANG_WARN_UNREACHABLE_CODE = YES;
				CLANG_WARN__DUPLICATE_METHOD_MATCH = YES;
				COPY_PHASE_STRIP = NO;
				DEBUG_INFORMATION_FORMAT = "dwarf-with-dsym";
				ENABLE_NS_ASSERTIONS = NO;
				ENABLE_STRICT_OBJC_MSGSEND = YES;
				GCC_C_LANGUAGE_STANDARD = gnu11;
				GCC_NO_COMMON_BLOCKS = YES;
				GCC_WARN_64_TO_32_BIT_CONVERSION = YES;
				GCC_WARN_ABOUT_RETURN_TYPE = YES_ERROR;
				GCC_WARN_UNDECLARED_SELECTOR = YES;
				GCC_WARN_UNINITIALIZED_AUTOS = YES_AGGRESSIVE;
				GCC_WARN_UNUSED_FUNCTION = YES;
				GCC_WARN_UNUSED_VARIABLE = YES;
				IPHONEOS_DEPLOYMENT_TARGET = 15.0;
				MTL_ENABLE_DEBUG_INFO = NO;
				MTL_FAST_MATH = YES;
				SDKROOT = iphoneos;
				SWIFT_COMPILATION_MODE = wholemodule;
				SWIFT_OPTIMIZATION_LEVEL = "-O";
				VALIDATE_PRODUCT = YES;
			};
			name = Release;
		};
		9BDB02162775BEB700505551 /* Debug */ = {
			isa = XCBuildConfiguration;
			buildSettings = {
				ASSETCATALOG_COMPILER_APPICON_NAME = AppIcon;
				ASSETCATALOG_COMPILER_GLOBAL_ACCENT_COLOR_NAME = AccentColor;
				CODE_SIGN_STYLE = Automatic;
				CURRENT_PROJECT_VERSION = 1;
				GENERATE_INFOPLIST_FILE = YES;
				INFOPLIST_FILE = MyFinalPlusApp/Info.plist;
				INFOPLIST_KEY_UIApplicationSupportsIndirectInputEvents = YES;
				INFOPLIST_KEY_UILaunchStoryboardName = LaunchScreen;
				INFOPLIST_KEY_UIMainStoryboardFile = Main;
				INFOPLIST_KEY_UISupportedInterfaceOrientations_iPad = "UIInterfaceOrientationPortrait UIInterfaceOrientationPortraitUpsideDown UIInterfaceOrientationLandscapeLeft UIInterfaceOrientationLandscapeRight";
				INFOPLIST_KEY_UISupportedInterfaceOrientations_iPhone = "UIInterfaceOrientationPortrait UIInterfaceOrientationLandscapeLeft UIInterfaceOrientationLandscapeRight";
				LD_RUNPATH_SEARCH_PATHS = (
					"$(inherited)",
					"@executable_path/Frameworks",
				);
				MARKETING_VERSION = 1.0;
				PRODUCT_BUNDLE_IDENTIFIER = tuwaiq.ios.MyFinalPlusApp;
				PRODUCT_NAME = "$(TARGET_NAME)";
				SWIFT_EMIT_LOC_STRINGS = YES;
				SWIFT_VERSION = 5.0;
				TARGETED_DEVICE_FAMILY = "1,2";
			};
			name = Debug;
		};
		9BDB02172775BEB700505551 /* Release */ = {
			isa = XCBuildConfiguration;
			buildSettings = {
				ASSETCATALOG_COMPILER_APPICON_NAME = AppIcon;
				ASSETCATALOG_COMPILER_GLOBAL_ACCENT_COLOR_NAME = AccentColor;
				CODE_SIGN_STYLE = Automatic;
				CURRENT_PROJECT_VERSION = 1;
				GENERATE_INFOPLIST_FILE = YES;
				INFOPLIST_FILE = MyFinalPlusApp/Info.plist;
				INFOPLIST_KEY_UIApplicationSupportsIndirectInputEvents = YES;
				INFOPLIST_KEY_UILaunchStoryboardName = LaunchScreen;
				INFOPLIST_KEY_UIMainStoryboardFile = Main;
				INFOPLIST_KEY_UISupportedInterfaceOrientations_iPad = "UIInterfaceOrientationPortrait UIInterfaceOrientationPortraitUpsideDown UIInterfaceOrientationLandscapeLeft UIInterfaceOrientationLandscapeRight";
				INFOPLIST_KEY_UISupportedInterfaceOrientations_iPhone = "UIInterfaceOrientationPortrait UIInterfaceOrientationLandscapeLeft UIInterfaceOrientationLandscapeRight";
				LD_RUNPATH_SEARCH_PATHS = (
					"$(inherited)",
					"@executable_path/Frameworks",
				);
				MARKETING_VERSION = 1.0;
				PRODUCT_BUNDLE_IDENTIFIER = tuwaiq.ios.MyFinalPlusApp;
				PRODUCT_NAME = "$(TARGET_NAME)";
				SWIFT_EMIT_LOC_STRINGS = YES;
				SWIFT_VERSION = 5.0;
				TARGETED_DEVICE_FAMILY = "1,2";
			};
			name = Release;
		};
		9BDB02192775BEB700505551 /* Debug */ = {
			isa = XCBuildConfiguration;
			buildSettings = {
				ALWAYS_EMBED_SWIFT_STANDARD_LIBRARIES = YES;
				BUNDLE_LOADER = "$(TEST_HOST)";
				CODE_SIGN_STYLE = Automatic;
				CURRENT_PROJECT_VERSION = 1;
				GENERATE_INFOPLIST_FILE = YES;
				IPHONEOS_DEPLOYMENT_TARGET = 15.0;
				LD_RUNPATH_SEARCH_PATHS = (
					"$(inherited)",
					"@executable_path/Frameworks",
					"@loader_path/Frameworks",
				);
				MARKETING_VERSION = 1.0;
				PRODUCT_BUNDLE_IDENTIFIER = tuwaiq.ios.MyFinalPlusAppTests;
				PRODUCT_NAME = "$(TARGET_NAME)";
				SWIFT_EMIT_LOC_STRINGS = NO;
				SWIFT_VERSION = 5.0;
				TARGETED_DEVICE_FAMILY = "1,2";
				TEST_HOST = "$(BUILT_PRODUCTS_DIR)/MyFinalPlusApp.app/MyFinalPlusApp";
			};
			name = Debug;
		};
		9BDB021A2775BEB700505551 /* Release */ = {
			isa = XCBuildConfiguration;
			buildSettings = {
				ALWAYS_EMBED_SWIFT_STANDARD_LIBRARIES = YES;
				BUNDLE_LOADER = "$(TEST_HOST)";
				CODE_SIGN_STYLE = Automatic;
				CURRENT_PROJECT_VERSION = 1;
				GENERATE_INFOPLIST_FILE = YES;
				IPHONEOS_DEPLOYMENT_TARGET = 15.0;
				LD_RUNPATH_SEARCH_PATHS = (
					"$(inherited)",
					"@executable_path/Frameworks",
					"@loader_path/Frameworks",
				);
				MARKETING_VERSION = 1.0;
				PRODUCT_BUNDLE_IDENTIFIER = tuwaiq.ios.MyFinalPlusAppTests;
				PRODUCT_NAME = "$(TARGET_NAME)";
				SWIFT_EMIT_LOC_STRINGS = NO;
				SWIFT_VERSION = 5.0;
				TARGETED_DEVICE_FAMILY = "1,2";
				TEST_HOST = "$(BUILT_PRODUCTS_DIR)/MyFinalPlusApp.app/MyFinalPlusApp";
			};
			name = Release;
		};
		9BDB021C2775BEB700505551 /* Debug */ = {
			isa = XCBuildConfiguration;
			buildSettings = {
				ALWAYS_EMBED_SWIFT_STANDARD_LIBRARIES = YES;
				CODE_SIGN_STYLE = Automatic;
				CURRENT_PROJECT_VERSION = 1;
				GENERATE_INFOPLIST_FILE = YES;
				LD_RUNPATH_SEARCH_PATHS = (
					"$(inherited)",
					"@executable_path/Frameworks",
					"@loader_path/Frameworks",
				);
				MARKETING_VERSION = 1.0;
				PRODUCT_BUNDLE_IDENTIFIER = tuwaiq.ios.MyFinalPlusAppUITests;
				PRODUCT_NAME = "$(TARGET_NAME)";
				SWIFT_EMIT_LOC_STRINGS = NO;
				SWIFT_VERSION = 5.0;
				TARGETED_DEVICE_FAMILY = "1,2";
				TEST_TARGET_NAME = MyFinalPlusApp;
			};
			name = Debug;
		};
		9BDB021D2775BEB700505551 /* Release */ = {
			isa = XCBuildConfiguration;
			buildSettings = {
				ALWAYS_EMBED_SWIFT_STANDARD_LIBRARIES = YES;
				CODE_SIGN_STYLE = Automatic;
				CURRENT_PROJECT_VERSION = 1;
				GENERATE_INFOPLIST_FILE = YES;
				LD_RUNPATH_SEARCH_PATHS = (
					"$(inherited)",
					"@executable_path/Frameworks",
					"@loader_path/Frameworks",
				);
				MARKETING_VERSION = 1.0;
				PRODUCT_BUNDLE_IDENTIFIER = tuwaiq.ios.MyFinalPlusAppUITests;
				PRODUCT_NAME = "$(TARGET_NAME)";
				SWIFT_EMIT_LOC_STRINGS = NO;
				SWIFT_VERSION = 5.0;
				TARGETED_DEVICE_FAMILY = "1,2";
				TEST_TARGET_NAME = MyFinalPlusApp;
			};
			name = Release;
		};
/* End XCBuildConfiguration section */

/* Begin XCConfigurationList section */
		9BDB01E62775BEB400505551 /* Build configuration list for PBXProject "MyFinalPlusApp" */ = {
			isa = XCConfigurationList;
			buildConfigurations = (
				9BDB02132775BEB700505551 /* Debug */,
				9BDB02142775BEB700505551 /* Release */,
			);
			defaultConfigurationIsVisible = 0;
			defaultConfigurationName = Release;
		};
		9BDB02152775BEB700505551 /* Build configuration list for PBXNativeTarget "MyFinalPlusApp" */ = {
			isa = XCConfigurationList;
			buildConfigurations = (
				9BDB02162775BEB700505551 /* Debug */,
				9BDB02172775BEB700505551 /* Release */,
			);
			defaultConfigurationIsVisible = 0;
			defaultConfigurationName = Release;
		};
		9BDB02182775BEB700505551 /* Build configuration list for PBXNativeTarget "MyFinalPlusAppTests" */ = {
			isa = XCConfigurationList;
			buildConfigurations = (
				9BDB02192775BEB700505551 /* Debug */,
				9BDB021A2775BEB700505551 /* Release */,
			);
			defaultConfigurationIsVisible = 0;
			defaultConfigurationName = Release;
		};
		9BDB021B2775BEB700505551 /* Build configuration list for PBXNativeTarget "MyFinalPlusAppUITests" */ = {
			isa = XCConfigurationList;
			buildConfigurations = (
				9BDB021C2775BEB700505551 /* Debug */,
				9BDB021D2775BEB700505551 /* Release */,
			);
			defaultConfigurationIsVisible = 0;
			defaultConfigurationName = Release;
		};
/* End XCConfigurationList section */

/* Begin XCRemoteSwiftPackageReference section */
		9B27137A2778A4E100015E13 /* XCRemoteSwiftPackageReference "firebase-ios-sdk" */ = {
			isa = XCRemoteSwiftPackageReference;
			repositoryURL = "https://github.com/firebase/firebase-ios-sdk";
			requirement = {
				kind = upToNextMajorVersion;
				minimumVersion = 8.0.0;
			};
		};
/* End XCRemoteSwiftPackageReference section */

/* Begin XCSwiftPackageProductDependency section */
		9B27137B2778A4E100015E13 /* FirebaseAuth */ = {
			isa = XCSwiftPackageProductDependency;
			package = 9B27137A2778A4E100015E13 /* XCRemoteSwiftPackageReference "firebase-ios-sdk" */;
			productName = FirebaseAuth;
		};
		9B27137D2778A4E100015E13 /* FirebaseFirestore */ = {
			isa = XCSwiftPackageProductDependency;
			package = 9B27137A2778A4E100015E13 /* XCRemoteSwiftPackageReference "firebase-ios-sdk" */;
			productName = FirebaseFirestore;
		};
		9B27137F2778A4E100015E13 /* FirebaseStorage */ = {
			isa = XCSwiftPackageProductDependency;
			package = 9B27137A2778A4E100015E13 /* XCRemoteSwiftPackageReference "firebase-ios-sdk" */;
			productName = FirebaseStorage;
		};
/* End XCSwiftPackageProductDependency section */
	};
	rootObject = 9BDB01E32775BEB400505551 /* Project object */;
}
